#MicroXplorer Configuration settings - do not modify
Dma.Request0=SPI1_RX
Dma.Request1=SPI1_TX
Dma.Request2=USART1_RX
Dma.Request3=USART1_TX
Dma.RequestsNb=4
Dma.SPI1_RX.0.Direction=DMA_PERIPH_TO_MEMORY
Dma.SPI1_RX.0.Instance=DMA1_Channel2
Dma.SPI1_RX.0.MemDataAlignment=DMA_MDATAALIGN_BYTE
Dma.SPI1_RX.0.MemInc=DMA_MINC_ENABLE
Dma.SPI1_RX.0.Mode=DMA_NORMAL
Dma.SPI1_RX.0.PeriphDataAlignment=DMA_PDATAALIGN_BYTE
Dma.SPI1_RX.0.PeriphInc=DMA_PINC_DISABLE
Dma.SPI1_RX.0.Priority=DMA_PRIORITY_MEDIUM
Dma.SPI1_RX.0.RequestParameters=Instance,Direction,PeriphInc,MemInc,PeriphDataAlignment,MemDataAlignment,Mode,Priority
Dma.SPI1_TX.1.Direction=DMA_MEMORY_TO_PERIPH
Dma.SPI1_TX.1.Instance=DMA1_Channel3
Dma.SPI1_TX.1.MemDataAlignment=DMA_MDATAALIGN_BYTE
Dma.SPI1_TX.1.MemInc=DMA_MINC_ENABLE
Dma.SPI1_TX.1.Mode=DMA_NORMAL
Dma.SPI1_TX.1.PeriphDataAlignment=DMA_PDATAALIGN_BYTE
Dma.SPI1_TX.1.PeriphInc=DMA_PINC_DISABLE
Dma.SPI1_TX.1.Priority=DMA_PRIORITY_MEDIUM
Dma.SPI1_TX.1.RequestParameters=Instance,Direction,PeriphInc,MemInc,PeriphDataAlignment,MemDataAlignment,Mode,Priority
Dma.USART1_RX.2.Direction=DMA_PERIPH_TO_MEMORY
Dma.USART1_RX.2.Instance=DMA1_Channel5
Dma.USART1_RX.2.MemDataAlignment=DMA_MDATAALIGN_BYTE
Dma.USART1_RX.2.MemInc=DMA_MINC_ENABLE
Dma.USART1_RX.2.Mode=DMA_NORMAL
Dma.USART1_RX.2.PeriphDataAlignment=DMA_PDATAALIGN_BYTE
Dma.USART1_RX.2.PeriphInc=DMA_PINC_DISABLE
Dma.USART1_RX.2.Priority=DMA_PRIORITY_MEDIUM
Dma.USART1_RX.2.RequestParameters=Instance,Direction,PeriphInc,MemInc,PeriphDataAlignment,MemDataAlignment,Mode,Priority
Dma.USART1_TX.3.Direction=DMA_MEMORY_TO_PERIPH
Dma.USART1_TX.3.Instance=DMA1_Channel4
Dma.USART1_TX.3.MemDataAlignment=DMA_MDATAALIGN_BYTE
Dma.USART1_TX.3.MemInc=DMA_MINC_ENABLE
Dma.USART1_TX.3.Mode=DMA_NORMAL
Dma.USART1_TX.3.PeriphDataAlignment=DMA_PDATAALIGN_BYTE
Dma.USART1_TX.3.PeriphInc=DMA_PINC_DISABLE
Dma.USART1_TX.3.Priority=DMA_PRIORITY_MEDIUM
Dma.USART1_TX.3.RequestParameters=Instance,Direction,PeriphInc,MemInc,PeriphDataAlignment,MemDataAlignment,Mode,Priority
File.Version=5
KeepUserPlacement=false
Mcu.Family=STM32F1
Mcu.IP0=DMA
Mcu.IP1=NVIC
Mcu.IP2=RCC
Mcu.IP3=SPI1
Mcu.IP4=USART1
Mcu.IPNb=5
Mcu.Name=STM32F103V(C-D-E)Tx
Mcu.Package=LQFP100
Mcu.Pin0=PA1
Mcu.Pin1=PA4
Mcu.Pin2=PA5
Mcu.Pin3=PA6
Mcu.Pin4=PA7
Mcu.Pin5=PA9
Mcu.Pin6=PA10
Mcu.Pin7=PA11
Mcu.Pin8=PA12
Mcu.PinsNb=9
Mcu.UserConstants=
Mcu.UserName=STM32F103VCTx
MxCube.Version=4.12.0
MxDb.Version=DB.4.0.120
NVIC.DMA1_Channel2_IRQn=true\:0\:0\:false
NVIC.DMA1_Channel3_IRQn=true\:0\:0\:false
NVIC.DMA1_Channel4_IRQn=true\:0\:0\:false
NVIC.DMA1_Channel5_IRQn=true\:0\:0\:false
NVIC.PriorityGroup=NVIC_PRIORITYGROUP_4
NVIC.SysTick_IRQn=true\:0\:0\:false
NVIC.USART1_IRQn=true\:0\:0\:false
PA1.Locked=true
PA1.Signal=GPIO_Output
PA10.Locked=true
PA10.Mode=Asynchronous
PA10.Signal=USART1_RX
PA11.Mode=CTS_RTS
PA11.Signal=USART1_CTS
PA12.Mode=CTS_RTS
PA12.Signal=USART1_RTS
PA4.Locked=true
PA4.Mode=NSS_Signal_Hard_Input
PA4.Signal=SPI1_NSS
PA5.Locked=true
PA5.Mode=Full_Duplex_Master
PA5.Signal=SPI1_SCK
PA6.Locked=true
PA6.Mode=Full_Duplex_Master
PA6.Signal=SPI1_MISO
PA7.Locked=true
PA7.Mode=Full_Duplex_Master
PA7.Signal=SPI1_MOSI
PA9.Locked=true
PA9.Mode=Asynchronous
PA9.Signal=USART1_TX
PCC.Checker=false
PCC.Line=STM32F103
PCC.MCU=STM32F103V(C-D-E)Tx
PCC.MXVersion=4.12.0
PCC.PartNumber=STM32F103VCTx
PCC.Seq0=0
PCC.Series=STM32F1
PCC.Temperature=25
PCC.Vdd=3.3
ProjectManager.AskForMigrate=true
ProjectManager.BackupPrevious=false
ProjectManager.CompilerOptimize=2
ProjectManager.ComputerToolchain=false
ProjectManager.CoupleFile=false
ProjectManager.DeletePrevious=true
ProjectManager.DeviceId=STM32F103VCTx
ProjectManager.FirmwarePackage=STM32Cube FW_F1 V1.3.1
ProjectManager.FreePins=false
ProjectManager.HalAssertFull=false
ProjectManager.KeepUserCode=true
ProjectManager.LastFirmware=true
ProjectManager.LibraryCopy=0
ProjectManager.ProjectBuild=false
ProjectManager.ProjectFileName=SmartPhonePrototype.ioc
ProjectManager.ProjectName=SmartPhonePrototype
ProjectManager.TargetToolchain=MDK-ARM V5
ProjectManager.ToolChainLocation=
RCC.APB1Freq_Value=8000000
RCC.APB2Freq_Value=8000000
RCC.FamilyName=M
RCC.IPParameters=FamilyName,TimSysFreq_Value,APB1Freq_Value,APB2Freq_Value,PLLCLKFreq_Value,PLLMCOFreq_Value
RCC.PLLCLKFreq_Value=8000000
RCC.PLLMCOFreq_Value=4000000
RCC.TimSysFreq_Value=8000000
SPI1.CalculateBaudRate=4.0 MBits/s
SPI1.IPParameters=Mode,CalculateBaudRate,VirtualNSS
SPI1.Mode=SPI_MODE_MASTER
SPI1.VirtualNSS=VM_NSSHARD
USART1.BaudRate=57600
USART1.IPParameters=BaudRate
board=SmartPhonePrototype
